
Microsoft Visual Studio Solution File, Format Version 10.00
# Visual Studio 2008
Project("{FAE04EC0-301F-11D3-BF4B-00C04F79EFBC}") = "Blogmonaut.Web", "Blogmonaut.Web\Blogmonaut.Web.csproj", "{B353F7F0-01EB-4F93-8A5D-70A409532302}"
EndProject
Project("{FAE04EC0-301F-11D3-BF4B-00C04F79EFBC}") = "Blogmonaut.Tests", "Blogmonaut.Tests\Blogmonaut.Tests.csproj", "{AF1F12DD-72B2-4136-9A24-6D647151B600}"
EndProject
Global
	GlobalSection(SolutionConfigurationPlatforms) = preSolution
		Debug|Any CPU = Debug|Any CPU
		Release|Any CPU = Release|Any CPU
	EndGlobalSection
	GlobalSection(ProjectConfigurationPlatforms) = postSolution
		{B353F7F0-01EB-4F93-8A5D-70A409532302}.Debug|Any CPU.ActiveCfg = Debug|Any CPU
		{B353F7F0-01EB-4F93-8A5D-70A409532302}.Debug|Any CPU.Build.0 = Debug|Any CPU
		{B353F7F0-01EB-4F93-8A5D-70A409532302}.Release|Any CPU.ActiveCfg = Release|Any CPU
		{B353F7F0-01EB-4F93-8A5D-70A409532302}.Release|Any CPU.Build.0 = Release|Any CPU
		{AF1F12DD-72B2-4136-9A24-6D647151B600}.Debug|Any CPU.ActiveCfg = Debug|Any CPU
		{AF1F12DD-72B2-4136-9A24-6D647151B600}.Debug|Any CPU.Build.0 = Debug|Any CPU
		{AF1F12DD-72B2-4136-9A24-6D647151B600}.Release|Any CPU.ActiveCfg = Release|Any CPU
		{AF1F12DD-72B2-4136-9A24-6D647151B600}.Release|Any CPU.Build.0 = Release|Any CPU
	EndGlobalSection
	GlobalSection(SolutionProperties) = preSolution
		HideSolutionNode = FALSE
	EndGlobalSection
EndGlobal
